
Microsoft Visual Studio Solution File, Format Version 12.00
# Visual Studio Version 17
VisualStudioVersion = 17.3.32929.385
MinimumVisualStudioVersion = 10.0.40219.1
Project("{FAE04EC0-301F-11D3-BF4B-00C04F79EFBC}") = "funzioni2", "funzioni2\funzioni2.csproj", "{2C46576E-EBDE-49FE-AFBD-4D49977F5BEB}"
EndProject
Global
	GlobalSection(SolutionConfigurationPlatforms) = preSolution
		Debug|Any CPU = Debug|Any CPU
		Release|Any CPU = Release|Any CPU
	EndGlobalSection
	GlobalSection(ProjectConfigurationPlatforms) = postSolution
		{2C46576E-EBDE-49FE-AFBD-4D49977F5BEB}.Debug|Any CPU.ActiveCfg = Debug|Any CPU
		{2C46576E-EBDE-49FE-AFBD-4D49977F5BEB}.Debug|Any CPU.Build.0 = Debug|Any CPU
		{2C46576E-EBDE-49FE-AFBD-4D49977F5BEB}.Release|Any CPU.ActiveCfg = Release|Any CPU
		{2C46576E-EBDE-49FE-AFBD-4D49977F5BEB}.Release|Any CPU.Build.0 = Release|Any CPU
	EndGlobalSection
	GlobalSection(SolutionProperties) = preSolution
		HideSolutionNode = FALSE
	EndGlobalSection
	GlobalSection(ExtensibilityGlobals) = postSolution
		SolutionGuid = {7D635A3D-948D-407B-9650-46AD07E031C9}
	EndGlobalSection
EndGlobal
